
Microsoft Visual Studio Solution File, Format Version 12.00
# Visual Studio Version 16
VisualStudioVersion = 16.0.28621.142
MinimumVisualStudioVersion = 10.0.40219.1
Project("{9A19103F-16F7-4668-BE54-9A1E7A4F7556}") = "B3Bot.Core", "src\B3Bot.Core\B3Bot.Core.csproj", "{3FD34DF6-029D-4029-BCB7-8B61BC7ACCCD}"
EndProject
Project("{FAE04EC0-301F-11D3-BF4B-00C04F79EFBC}") = "B3Bot", "src\B3Bot\B3Bot.csproj", "{CB02DFFB-7C35-4683-87EB-2289BF50B6C7}"
EndProject
Global
	GlobalSection(SolutionConfigurationPlatforms) = preSolution
		Debug|Any CPU = Debug|Any CPU
		Release|Any CPU = Release|Any CPU
	EndGlobalSection
	GlobalSection(ProjectConfigurationPlatforms) = postSolution
		{3FD34DF6-029D-4029-BCB7-8B61BC7ACCCD}.Debug|Any CPU.ActiveCfg = Debug|Any CPU
		{3FD34DF6-029D-4029-BCB7-8B61BC7ACCCD}.Debug|Any CPU.Build.0 = Debug|Any CPU
		{3FD34DF6-029D-4029-BCB7-8B61BC7ACCCD}.Release|Any CPU.ActiveCfg = Release|Any CPU
		{3FD34DF6-029D-4029-BCB7-8B61BC7ACCCD}.Release|Any CPU.Build.0 = Release|Any CPU
		{CB02DFFB-7C35-4683-87EB-2289BF50B6C7}.Debug|Any CPU.ActiveCfg = Debug|Any CPU
		{CB02DFFB-7C35-4683-87EB-2289BF50B6C7}.Debug|Any CPU.Build.0 = Debug|Any CPU
		{CB02DFFB-7C35-4683-87EB-2289BF50B6C7}.Release|Any CPU.ActiveCfg = Release|Any CPU
		{CB02DFFB-7C35-4683-87EB-2289BF50B6C7}.Release|Any CPU.Build.0 = Release|Any CPU
	EndGlobalSection
	GlobalSection(SolutionProperties) = preSolution
		HideSolutionNode = FALSE
	EndGlobalSection
	GlobalSection(ExtensibilityGlobals) = postSolution
		SolutionGuid = {BDC4B6CB-617C-459E-92D0-A5A56B7CE3EC}
	EndGlobalSection
EndGlobal
